
Microsoft Visual Studio Solution File, Format Version 12.00
# Visual Studio Version 16
VisualStudioVersion = 16.0.31313.79
MinimumVisualStudioVersion = 10.0.40219.1
Project("{9A19103F-16F7-4668-BE54-9A1E7A4F7556}") = "Api", "Api\Api.csproj", "{5F6DB5C0-D477-45AC-A0AA-7DC056AF4DA9}"
EndProject
Project("{9A19103F-16F7-4668-BE54-9A1E7A4F7556}") = "Models", "Models\Models.csproj", "{627329A1-0699-49D9-821B-207D1C5FFCAE}"
EndProject
Project("{9A19103F-16F7-4668-BE54-9A1E7A4F7556}") = "Services", "Services\Services.csproj", "{2972C8E8-4D7E-4212-A74E-B2B2B38AA349}"
EndProject
Project("{9A19103F-16F7-4668-BE54-9A1E7A4F7556}") = "Repositories", "Repositories\Repositories.csproj", "{B043FDBE-02AC-4307-AFE0-D56B220A28F7}"
EndProject
Project("{2150E333-8FDC-42A3-9474-1A3956D46DE8}") = "Tests", "Tests", "{CA81E9DD-5C25-4896-8C86-55A3C2D77DC3}"
EndProject
Project("{9A19103F-16F7-4668-BE54-9A1E7A4F7556}") = "Api.Tests", "Api.Tests\Api.Tests.csproj", "{C3C1F456-5864-4A81-9C04-F2A6CC12E1B0}"
EndProject
Project("{9A19103F-16F7-4668-BE54-9A1E7A4F7556}") = "Services.Tests", "Services.Tests\Services.Tests.csproj", "{F6D53FF3-EBDB-42EB-8879-03328D878129}"
EndProject
Project("{9A19103F-16F7-4668-BE54-9A1E7A4F7556}") = "Repositories.Tests", "Repositories.Tests\Repositories.Tests.csproj", "{5CCAF62E-F42B-4AA8-B44F-13E18DA9EC1F}"
EndProject
Project("{9A19103F-16F7-4668-BE54-9A1E7A4F7556}") = "Data", "Data\Data.csproj", "{B780F2C0-3F52-4029-86FE-B4375C27A4AB}"
EndProject
Project("{9A19103F-16F7-4668-BE54-9A1E7A4F7556}") = "IntegrationTests", "IntegrationTests\IntegrationTests.csproj", "{4BC0C766-D0AB-4CDF-B991-4F73DA95A46E}"
EndProject
Project("{2150E333-8FDC-42A3-9474-1A3956D46DE8}") = "Database", "Database", "{D5FD149F-9C35-43CB-971A-7D5A0C9F09C4}"
	ProjectSection(SolutionItems) = preProject
		DatabaseCreation.sql = DatabaseCreation.sql
	EndProjectSection
EndProject
Global
	GlobalSection(SolutionConfigurationPlatforms) = preSolution
		Debug|Any CPU = Debug|Any CPU
		Release|Any CPU = Release|Any CPU
	EndGlobalSection
	GlobalSection(ProjectConfigurationPlatforms) = postSolution
		{5F6DB5C0-D477-45AC-A0AA-7DC056AF4DA9}.Debug|Any CPU.ActiveCfg = Debug|Any CPU
		{5F6DB5C0-D477-45AC-A0AA-7DC056AF4DA9}.Debug|Any CPU.Build.0 = Debug|Any CPU
		{5F6DB5C0-D477-45AC-A0AA-7DC056AF4DA9}.Release|Any CPU.ActiveCfg = Release|Any CPU
		{5F6DB5C0-D477-45AC-A0AA-7DC056AF4DA9}.Release|Any CPU.Build.0 = Release|Any CPU
		{627329A1-0699-49D9-821B-207D1C5FFCAE}.Debug|Any CPU.ActiveCfg = Debug|Any CPU
		{627329A1-0699-49D9-821B-207D1C5FFCAE}.Debug|Any CPU.Build.0 = Debug|Any CPU
		{627329A1-0699-49D9-821B-207D1C5FFCAE}.Release|Any CPU.ActiveCfg = Release|Any CPU
		{627329A1-0699-49D9-821B-207D1C5FFCAE}.Release|Any CPU.Build.0 = Release|Any CPU
		{2972C8E8-4D7E-4212-A74E-B2B2B38AA349}.Debug|Any CPU.ActiveCfg = Debug|Any CPU
		{2972C8E8-4D7E-4212-A74E-B2B2B38AA349}.Debug|Any CPU.Build.0 = Debug|Any CPU
		{2972C8E8-4D7E-4212-A74E-B2B2B38AA349}.Release|Any CPU.ActiveCfg = Release|Any CPU
		{2972C8E8-4D7E-4212-A74E-B2B2B38AA349}.Release|Any CPU.Build.0 = Release|Any CPU
		{B043FDBE-02AC-4307-AFE0-D56B220A28F7}.Debug|Any CPU.ActiveCfg = Debug|Any CPU
		{B043FDBE-02AC-4307-AFE0-D56B220A28F7}.Debug|Any CPU.Build.0 = Debug|Any CPU
		{B043FDBE-02AC-4307-AFE0-D56B220A28F7}.Release|Any CPU.ActiveCfg = Release|Any CPU
		{B043FDBE-02AC-4307-AFE0-D56B220A28F7}.Release|Any CPU.Build.0 = Release|Any CPU
		{C3C1F456-5864-4A81-9C04-F2A6CC12E1B0}.Debug|Any CPU.ActiveCfg = Debug|Any CPU
		{C3C1F456-5864-4A81-9C04-F2A6CC12E1B0}.Debug|Any CPU.Build.0 = Debug|Any CPU
		{C3C1F456-5864-4A81-9C04-F2A6CC12E1B0}.Release|Any CPU.ActiveCfg = Release|Any CPU
		{C3C1F456-5864-4A81-9C04-F2A6CC12E1B0}.Release|Any CPU.Build.0 = Release|Any CPU
		{F6D53FF3-EBDB-42EB-8879-03328D878129}.Debug|Any CPU.ActiveCfg = Debug|Any CPU
		{F6D53FF3-EBDB-42EB-8879-03328D878129}.Debug|Any CPU.Build.0 = Debug|Any CPU
		{F6D53FF3-EBDB-42EB-8879-03328D878129}.Release|Any CPU.ActiveCfg = Release|Any CPU
		{F6D53FF3-EBDB-42EB-8879-03328D878129}.Release|Any CPU.Build.0 = Release|Any CPU
		{5CCAF62E-F42B-4AA8-B44F-13E18DA9EC1F}.Debug|Any CPU.ActiveCfg = Debug|Any CPU
		{5CCAF62E-F42B-4AA8-B44F-13E18DA9EC1F}.Debug|Any CPU.Build.0 = Debug|Any CPU
		{5CCAF62E-F42B-4AA8-B44F-13E18DA9EC1F}.Release|Any CPU.ActiveCfg = Release|Any CPU
		{5CCAF62E-F42B-4AA8-B44F-13E18DA9EC1F}.Release|Any CPU.Build.0 = Release|Any CPU
		{B780F2C0-3F52-4029-86FE-B4375C27A4AB}.Debug|Any CPU.ActiveCfg = Debug|Any CPU
		{B780F2C0-3F52-4029-86FE-B4375C27A4AB}.Debug|Any CPU.Build.0 = Debug|Any CPU
		{B780F2C0-3F52-4029-86FE-B4375C27A4AB}.Release|Any CPU.ActiveCfg = Release|Any CPU
		{B780F2C0-3F52-4029-86FE-B4375C27A4AB}.Release|Any CPU.Build.0 = Release|Any CPU
		{4BC0C766-D0AB-4CDF-B991-4F73DA95A46E}.Debug|Any CPU.ActiveCfg = Debug|Any CPU
		{4BC0C766-D0AB-4CDF-B991-4F73DA95A46E}.Debug|Any CPU.Build.0 = Debug|Any CPU
		{4BC0C766-D0AB-4CDF-B991-4F73DA95A46E}.Release|Any CPU.ActiveCfg = Release|Any CPU
		{4BC0C766-D0AB-4CDF-B991-4F73DA95A46E}.Release|Any CPU.Build.0 = Release|Any CPU
	EndGlobalSection
	GlobalSection(SolutionProperties) = preSolution
		HideSolutionNode = FALSE
	EndGlobalSection
	GlobalSection(NestedProjects) = preSolution
		{C3C1F456-5864-4A81-9C04-F2A6CC12E1B0} = {CA81E9DD-5C25-4896-8C86-55A3C2D77DC3}
		{F6D53FF3-EBDB-42EB-8879-03328D878129} = {CA81E9DD-5C25-4896-8C86-55A3C2D77DC3}
		{5CCAF62E-F42B-4AA8-B44F-13E18DA9EC1F} = {CA81E9DD-5C25-4896-8C86-55A3C2D77DC3}
		{4BC0C766-D0AB-4CDF-B991-4F73DA95A46E} = {CA81E9DD-5C25-4896-8C86-55A3C2D77DC3}
	EndGlobalSection
	GlobalSection(ExtensibilityGlobals) = postSolution
		SolutionGuid = {378B76D1-6D8D-451A-9C56-2B5A5AC68118}
	EndGlobalSection
EndGlobal
